
Microsoft Visual Studio Solution File, Format Version 12.00
# Visual Studio Version 16
VisualStudioVersion = 16.0.30717.126
MinimumVisualStudioVersion = 10.0.40219.1
Project("{9A19103F-16F7-4668-BE54-9A1E7A4F7556}") = "Vascular", "Vascular\Vascular.csproj", "{B60559D3-4D28-4F7D-9050-223C01E00084}"
EndProject
Project("{9A19103F-16F7-4668-BE54-9A1E7A4F7556}") = "Vascular.IO.STL", "Vascular.IO.STL\Vascular.IO.STL.csproj", "{A00E32D2-065B-4AAF-BA9D-1EF829977736}"
EndProject
Project("{9A19103F-16F7-4668-BE54-9A1E7A4F7556}") = "Vascular.IO.Triangulation", "Vascular.IO.Triangulation\Vascular.IO.Triangulation.csproj", "{8531DD3F-1886-48AA-B976-280CE7ECEB23}"
EndProject
Project("{FAE04EC0-301F-11D3-BF4B-00C04F79EFBC}") = "Vascular.Construction.ACCO", "Vascular.Construction.ACCO\Vascular.Construction.ACCO.csproj", "{2748BC1F-A4E8-47D5-8536-F775DCC9C6E9}"
EndProject
Global
	GlobalSection(SolutionConfigurationPlatforms) = preSolution
		Debug|Any CPU = Debug|Any CPU
		Release|Any CPU = Release|Any CPU
	EndGlobalSection
	GlobalSection(ProjectConfigurationPlatforms) = postSolution
		{B60559D3-4D28-4F7D-9050-223C01E00084}.Debug|Any CPU.ActiveCfg = Debug|Any CPU
		{B60559D3-4D28-4F7D-9050-223C01E00084}.Debug|Any CPU.Build.0 = Debug|Any CPU
		{B60559D3-4D28-4F7D-9050-223C01E00084}.Release|Any CPU.ActiveCfg = Release|Any CPU
		{B60559D3-4D28-4F7D-9050-223C01E00084}.Release|Any CPU.Build.0 = Release|Any CPU
		{A00E32D2-065B-4AAF-BA9D-1EF829977736}.Debug|Any CPU.ActiveCfg = Debug|Any CPU
		{A00E32D2-065B-4AAF-BA9D-1EF829977736}.Debug|Any CPU.Build.0 = Debug|Any CPU
		{A00E32D2-065B-4AAF-BA9D-1EF829977736}.Release|Any CPU.ActiveCfg = Release|Any CPU
		{A00E32D2-065B-4AAF-BA9D-1EF829977736}.Release|Any CPU.Build.0 = Release|Any CPU
		{8531DD3F-1886-48AA-B976-280CE7ECEB23}.Debug|Any CPU.ActiveCfg = Debug|Any CPU
		{8531DD3F-1886-48AA-B976-280CE7ECEB23}.Debug|Any CPU.Build.0 = Debug|Any CPU
		{8531DD3F-1886-48AA-B976-280CE7ECEB23}.Release|Any CPU.ActiveCfg = Release|Any CPU
		{8531DD3F-1886-48AA-B976-280CE7ECEB23}.Release|Any CPU.Build.0 = Release|Any CPU
		{2748BC1F-A4E8-47D5-8536-F775DCC9C6E9}.Debug|Any CPU.ActiveCfg = Debug|Any CPU
		{2748BC1F-A4E8-47D5-8536-F775DCC9C6E9}.Debug|Any CPU.Build.0 = Debug|Any CPU
		{2748BC1F-A4E8-47D5-8536-F775DCC9C6E9}.Release|Any CPU.ActiveCfg = Release|Any CPU
		{2748BC1F-A4E8-47D5-8536-F775DCC9C6E9}.Release|Any CPU.Build.0 = Release|Any CPU
	EndGlobalSection
	GlobalSection(SolutionProperties) = preSolution
		HideSolutionNode = FALSE
	EndGlobalSection
	GlobalSection(ExtensibilityGlobals) = postSolution
		SolutionGuid = {4A2C9984-7C18-4B7D-BC28-113F05EB3EDD}
	EndGlobalSection
EndGlobal
